// !$*UTF8*$!
{
	archiveVersion = 1;
	classes = {
	};
	objectVersion = 50;
	objects = {

/* Begin PBXBuildFile section */
		123793BF25DD7456005D30F1 /* AppDelegate.swift in Sources */ = {isa = PBXBuildFile; fileRef = 123793BE25DD7456005D30F1 /* AppDelegate.swift */; };
		123793C125DD7456005D30F1 /* SceneDelegate.swift in Sources */ = {isa = PBXBuildFile; fileRef = 123793C025DD7456005D30F1 /* SceneDelegate.swift */; };
		123793C625DD7456005D30F1 /* Main.storyboard in Resources */ = {isa = PBXBuildFile; fileRef = 123793C425DD7456005D30F1 /* Main.storyboard */; };
		123793C825DD7459005D30F1 /* Assets.xcassets in Resources */ = {isa = PBXBuildFile; fileRef = 123793C725DD7459005D30F1 /* Assets.xcassets */; };
		123793CB25DD7459005D30F1 /* LaunchScreen.storyboard in Resources */ = {isa = PBXBuildFile; fileRef = 123793C925DD7459005D30F1 /* LaunchScreen.storyboard */; };
		123793D525DD74B9005D30F1 /* NamesTableViewController.swift in Sources */ = {isa = PBXBuildFile; fileRef = 123793D425DD74B9005D30F1 /* NamesTableViewController.swift */; };
		123793DA25DD7C79005D30F1 /* PeriodTableViewController.swift in Sources */ = {isa = PBXBuildFile; fileRef = 123793D925DD7C79005D30F1 /* PeriodTableViewController.swift */; };
/* End PBXBuildFile section */

/* Begin PBXFileReference section */
		123793BB25DD7456005D30F1 /* PickADriver1.app */ = {isa = PBXFileReference; explicitFileType = wrapper.application; includeInIndex = 0; path = PickADriver1.app; sourceTree = BUILT_PRODUCTS_DIR; };
		123793BE25DD7456005D30F1 /* AppDelegate.swift */ = {isa = PBXFileReference; lastKnownFileType = sourcecode.swift; path = AppDelegate.swift; sourceTree = "<group>"; };
		123793C025DD7456005D30F1 /* SceneDelegate.swift */ = {isa = PBXFileReference; lastKnownFileType = sourcecode.swift; path = SceneDelegate.swift; sourceTree = "<group>"; };
		123793C525DD7456005D30F1 /* Base */ = {isa = PBXFileReference; lastKnownFileType = file.storyboard; name = Base; path = Base.lproj/Main.storyboard; sourceTree = "<group>"; };
		123793C725DD7459005D30F1 /* Assets.xcassets */ = {isa = PBXFileReference; lastKnownFileType = folder.assetcatalog; path = Assets.xcassets; sourceTree = "<group>"; };
		123793CA25DD7459005D30F1 /* Base */ = {isa = PBXFileReference; lastKnownFileType = file.storyboard; name = Base; path = Base.lproj/LaunchScreen.storyboard; sourceTree = "<group>"; };
		123793CC25DD7459005D30F1 /* Info.plist */ = {isa = PBXFileReference; lastKnownFileType = text.plist.xml; path = Info.plist; sourceTree = "<group>"; };
		123793D425DD74B9005D30F1 /* NamesTableViewController.swift */ = {isa = PBXFileReference; lastKnownFileType = sourcecode.swift; path = NamesTableViewController.swift; sourceTree = "<group>"; };
		123793D925DD7C79005D30F1 /* PeriodTableViewController.swift */ = {isa = PBXFileReference; lastKnownFileType = sourcecode.swift; path = PeriodTableViewController.swift; sourceTree = "<group>"; };
/* End PBXFileReference section */

/* Begin PBXFrameworksBuildPhase section */
		123793B825DD7456005D30F1 /* Frameworks */ = {
			isa = PBXFrameworksBuildPhase;
			buildActionMask = 2147483647;
			files = (
			);
			runOnlyForDeploymentPostprocessing = 0;
		};
/* End PBXFrameworksBuildPhase section */

/* Begin PBXGroup section */
		123793B225DD7456005D30F1 = {
			isa = PBXGroup;
			children = (
				123793BD25DD7456005D30F1 /* PickADriver1 */,
				123793BC25DD7456005D30F1 /* Products */,
			);
			sourceTree = "<group>";
		};
		123793BC25DD7456005D30F1 /* Products */ = {
			isa = PBXGroup;
			children = (
				123793BB25DD7456005D30F1 /* PickADriver1.app */,
			);
			name = Products;
			sourceTree = "<group>";
		};
		123793BD25DD7456005D30F1 /* PickADriver1 */ = {
			isa = PBXGroup;
			children = (
				123793BE25DD7456005D30F1 /* AppDelegate.swift */,
				123793C425DD7456005D30F1 /* Main.storyboard */,
				123793C025DD7456005D30F1 /* SceneDelegate.swift */,
				123793D425DD74B9005D30F1 /* NamesTableViewController.swift */,
				123793D925DD7C79005D30F1 /* PeriodTableViewController.swift */,
				123793C725DD7459005D30F1 /* Assets.xcassets */,
				123793C925DD7459005D30F1 /* LaunchScreen.storyboard */,
				123793CC25DD7459005D30F1 /* Info.plist */,
			);
			path = PickADriver1;
			sourceTree = "<group>";
		};
/* End PBXGroup section */

/* Begin PBXNativeTarget section */
		123793BA25DD7456005D30F1 /* PickADriver1 */ = {
			isa = PBXNativeTarget;
			buildConfigurationList = 123793CF25DD7459005D30F1 /* Build configuration list for PBXNativeTarget "PickADriver1" */;
			buildPhases = (
				123793B725DD7456005D30F1 /* Sources */,
				123793B825DD7456005D30F1 /* Frameworks */,
				123793B925DD7456005D30F1 /* Resources */,
			);
			buildRules = (
			);
			dependencies = (
			);
			name = PickADriver1;
			productName = PickADriver1;
			productReference = 123793BB25DD7456005D30F1 /* PickADriver1.app */;
			productType = "com.apple.product-type.application";
		};
/* End PBXNativeTarget section */

/* Begin PBXProject section */
		123793B325DD7456005D30F1 /* Project object */ = {
			isa = PBXProject;
			attributes = {
				LastSwiftUpdateCheck = 1230;
				LastUpgradeCheck = 1230;
				TargetAttributes = {
					123793BA25DD7456005D30F1 = {
						CreatedOnToolsVersion = 12.3;
					};
				};
			};
			buildConfigurationList = 123793B625DD7456005D30F1 /* Build configuration list for PBXProject "PickADriver1" */;
			compatibilityVersion = "Xcode 9.3";
			developmentRegion = en;
			hasScannedForEncodings = 0;
			knownRegions = (
				en,
				Base,
			);
			mainGroup = 123793B225DD7456005D30F1;
			productRefGroup = 123793BC25DD7456005D30F1 /* Products */;
			projectDirPath = "";
			projectRoot = "";
			targets = (
				123793BA25DD7456005D30F1 /* PickADriver1 */,
			);
		};
/* End PBXProject section */

/* Begin PBXResourcesBuildPhase section */
		123793B925DD7456005D30F1 /* Resources */ = {
			isa = PBXResourcesBuildPhase;
			buildActionMask = 2147483647;
			files = (
				123793CB25DD7459005D30F1 /* LaunchScreen.storyboard in Resources */,
				123793C825DD7459005D30F1 /* Assets.xcassets in Resources */,
				123793C625DD7456005D30F1 /* Main.storyboard in Resources */,
			);
			runOnlyForDeploymentPostprocessing = 0;
		};
/* End PBXResourcesBuildPhase section */

/* Begin PBXSourcesBuildPhase section */
		123793B725DD7456005D30F1 /* Sources */ = {
			isa = PBXSourcesBuildPhase;
			buildActionMask = 2147483647;
			files = (
				123793DA25DD7C79005D30F1 /* PeriodTableViewController.swift in Sources */,
				123793BF25DD7456005D30F1 /* AppDelegate.swift in Sources */,
				123793D525DD74B9005D30F1 /* NamesTableViewController.swift in Sources */,
				123793C125DD7456005D30F1 /* SceneDelegate.swift in Sources */,
			);
			runOnlyForDeploymentPostprocessing = 0;
		};
/* End PBXSourcesBuildPhase section */

/* Begin PBXVariantGroup section */
		123793C425DD7456005D30F1 /* Main.storyboard */ = {
			isa = PBXVariantGroup;
			children = (
				123793C525DD7456005D30F1 /* Base */,
			);
			name = Main.storyboard;
			sourceTree = "<group>";
		};
		123793C925DD7459005D30F1 /* LaunchScreen.storyboard */ = {
			isa = PBXVariantGroup;
			children = (
				123793CA25DD7459005D30F1 /* Base */,
			);
			name = LaunchScreen.storyboard;
			sourceTree = "<group>";
		};
/* End PBXVariantGroup section */

/* Begin XCBuildConfiguration section */
		123793CD25DD7459005D30F1 /* Debug */ = {
			isa = XCBuildConfiguration;
			buildSettings = {
				ALWAYS_SEARCH_USER_PATHS = NO;
				CLANG_ANALYZER_NONNULL = YES;
				CLANG_ANALYZER_NUMBER_OBJECT_CONVERSION = YES_AGGRESSIVE;
				CLANG_CXX_LANGUAGE_STANDARD = "gnu++14";
				CLANG_CXX_LIBRARY = "libc++";
				CLANG_ENABLE_MODULES = YES;
				CLANG_ENABLE_OBJC_ARC = YES;
				CLANG_ENABLE_OBJC_WEAK = YES;
				CLANG_WARN_BLOCK_CAPTURE_AUTORELEASING = YES;
				CLANG_WARN_BOOL_CONVERSION = YES;
				CLANG_WARN_COMMA = YES;
				CLANG_WARN_CONSTANT_CONVERSION = YES;
				CLANG_WARN_DEPRECATED_OBJC_IMPLEMENTATIONS = YES;
				CLANG_WARN_DIRECT_OBJC_ISA_USAGE = YES_ERROR;
				CLANG_WARN_DOCUMENTATION_COMMENTS = YES;
				CLANG_WARN_EMPTY_BODY = YES;
				CLANG_WARN_ENUM_CONVERSION = YES;
				CLANG_WARN_INFINITE_RECURSION = YES;
				CLANG_WARN_INT_CONVERSION = YES;
				CLANG_WARN_NON_LITERAL_NULL_CONVERSION = YES;
				CLANG_WARN_OBJC_IMPLICIT_RETAIN_SELF = YES;
				CLANG_WARN_OBJC_LITERAL_CONVERSION = YES;
				CLANG_WARN_OBJC_ROOT_CLASS = YES_ERROR;
				CLANG_WARN_QUOTED_INCLUDE_IN_FRAMEWORK_HEADER = YES;
				CLANG_WARN_RANGE_LOOP_ANALYSIS = YES;
				CLANG_WARN_STRICT_PROTOTYPES = YES;
				CLANG_WARN_SUSPICIOUS_MOVE = YES;
				CLANG_WARN_UNGUARDED_AVAILABILITY = YES_AGGRESSIVE;
				CLANG_WARN_UNREACHABLE_CODE = YES;
				CLANG_WARN__DUPLICATE_METHOD_MATCH = YES;
				COPY_PHASE_STRIP = NO;
				DEBUG_INFORMATION_FORMAT = dwarf;
				ENABLE_STRICT_OBJC_MSGSEND = YES;
				ENABLE_TESTABILITY = YES;
				GCC_C_LANGUAGE_STANDARD = gnu11;
				GCC_DYNAMIC_NO_PIC = NO;
				GCC_NO_COMMON_BLOCKS = YES;
				GCC_OPTIMIZATION_LEVEL = 0;
				GCC_PREPROCESSOR_DEFINITIONS = (
					"DEBUG=1",
					"$(inherited)",
				);
				GCC_WARN_64_TO_32_BIT_CONVERSION = YES;
				GCC_WARN_ABOUT_RETURN_TYPE = YES_ERROR;
				GCC_WARN_UNDECLARED_SELECTOR = YES;
				GCC_WARN_UNINITIALIZED_AUTOS = YES_AGGRESSIVE;
				GCC_WARN_UNUSED_FUNCTION = YES;
				GCC_WARN_UNUSED_VARIABLE = YES;
				IPHONEOS_DEPLOYMENT_TARGET = 14.3;
				MTL_ENABLE_DEBUG_INFO = INCLUDE_SOURCE;
				MTL_FAST_MATH = YES;
				ONLY_ACTIVE_ARCH = YES;
				SDKROOT = iphoneos;
				SWIFT_ACTIVE_COMPILATION_CONDITIONS = DEBUG;
				SWIFT_OPTIMIZATION_LEVEL = "-Onone";
			};
			name = Debug;
		};
		123793CE25DD7459005D30F1 /* Release */ = {
			isa = XCBuildConfiguration;
			buildSettings = {
				ALWAYS_SEARCH_USER_PATHS = NO;
				CLANG_ANALYZER_NONNULL = YES;
				CLANG_ANALYZER_NUMBER_OBJECT_CONVERSION = YES_AGGRESSIVE;
				CLANG_CXX_LANGUAGE_STANDARD = "gnu++14";
				CLANG_CXX_LIBRARY = "libc++";
				CLANG_ENABLE_MODULES = YES;
				CLANG_ENABLE_OBJC_ARC = YES;
				CLANG_ENABLE_OBJC_WEAK = YES;
				CLANG_WARN_BLOCK_CAPTURE_AUTORELEASING = YES;
				CLANG_WARN_BOOL_CONVERSION = YES;
				CLANG_WARN_COMMA = YES;
				CLANG_WARN_CONSTANT_CONVERSION = YES;
				CLANG_WARN_DEPRECATED_OBJC_IMPLEMENTATIONS = YES;
				CLANG_WARN_DIRECT_OBJC_ISA_USAGE = YES_ERROR;
				CLANG_WARN_DOCUMENTATION_COMMENTS = YES;
				CLANG_WARN_EMPTY_BODY = YES;
				CLANG_WARN_ENUM_CONVERSION = YES;
				CLANG_WARN_INFINITE_RECURSION = YES;
				CLANG_WARN_INT_CONVERSION = YES;
				CLANG_WARN_NON_LITERAL_NULL_CONVERSION = YES;
				CLANG_WARN_OBJC_IMPLICIT_RETAIN_SELF = YES;
				CLANG_WARN_OBJC_LITERAL_CONVERSION = YES;
				CLANG_WARN_OBJC_ROOT_CLASS = YES_ERROR;
				CLANG_WARN_QUOTED_INCLUDE_IN_FRAMEWORK_HEADER = YES;
				CLANG_WARN_RANGE_LOOP_ANALYSIS = YES;
				CLANG_WARN_STRICT_PROTOTYPES = YES;
				CLANG_WARN_SUSPICIOUS_MOVE = YES;
				CLANG_WARN_UNGUARDED_AVAILABILITY = YES_AGGRESSIVE;
				CLANG_WARN_UNREACHABLE_CODE = YES;
				CLANG_WARN__DUPLICATE_METHOD_MATCH = YES;
				COPY_PHASE_STRIP = NO;
				DEBUG_INFORMATION_FORMAT = "dwarf-with-dsym";
				ENABLE_NS_ASSERTIONS = NO;
				ENABLE_STRICT_OBJC_MSGSEND = YES;
				GCC_C_LANGUAGE_STANDARD = gnu11;
				GCC_NO_COMMON_BLOCKS = YES;
				GCC_WARN_64_TO_32_BIT_CONVERSION = YES;
				GCC_WARN_ABOUT_RETURN_TYPE = YES_ERROR;
				GCC_WARN_UNDECLARED_SELECTOR = YES;
				GCC_WARN_UNINITIALIZED_AUTOS = YES_AGGRESSIVE;
				GCC_WARN_UNUSED_FUNCTION = YES;
				GCC_WARN_UNUSED_VARIABLE = YES;
				IPHONEOS_DEPLOYMENT_TARGET = 14.3;
				MTL_ENABLE_DEBUG_INFO = NO;
				MTL_FAST_MATH = YES;
				SDKROOT = iphoneos;
				SWIFT_COMPILATION_MODE = wholemodule;
				SWIFT_OPTIMIZATION_LEVEL = "-O";
				VALIDATE_PRODUCT = YES;
			};
			name = Release;
		};
		123793D025DD7459005D30F1 /* Debug */ = {
			isa = XCBuildConfiguration;
			buildSettings = {
				ASSETCATALOG_COMPILER_APPICON_NAME = AppIcon;
				ASSETCATALOG_COMPILER_GLOBAL_ACCENT_COLOR_NAME = AccentColor;
				CODE_SIGN_STYLE = Automatic;
				DEVELOPMENT_TEAM = 8T7B2SBX3D;
				INFOPLIST_FILE = PickADriver1/Info.plist;
				LD_RUNPATH_SEARCH_PATHS = (
					"$(inherited)",
					"@executable_path/Frameworks",
				);
				PRODUCT_BUNDLE_IDENTIFIER = AJ.PickADriver1;
				PRODUCT_NAME = "$(TARGET_NAME)";
				SWIFT_VERSION = 5.0;
				TARGETED_DEVICE_FAMILY = "1,2";
			};
			name = Debug;
		};
		123793D125DD7459005D30F1 /* Release */ = {
			isa = XCBuildConfiguration;
			buildSettings = {
				ASSETCATALOG_COMPILER_APPICON_NAME = AppIcon;
				ASSETCATALOG_COMPILER_GLOBAL_ACCENT_COLOR_NAME = AccentColor;
				CODE_SIGN_STYLE = Automatic;
				DEVELOPMENT_TEAM = 8T7B2SBX3D;
				INFOPLIST_FILE = PickADriver1/Info.plist;
				LD_RUNPATH_SEARCH_PATHS = (
					"$(inherited)",
					"@executable_path/Frameworks",
				);
				PRODUCT_BUNDLE_IDENTIFIER = AJ.PickADriver1;
				PRODUCT_NAME = "$(TARGET_NAME)";
				SWIFT_VERSION = 5.0;
				TARGETED_DEVICE_FAMILY = "1,2";
			};
			name = Release;
		};
/* End XCBuildConfiguration section */

/* Begin XCConfigurationList section */
		123793B625DD7456005D30F1 /* Build configuration list for PBXProject "PickADriver1" */ = {
			isa = XCConfigurationList;
			buildConfigurations = (
				123793CD25DD7459005D30F1 /* Debug */,
				123793CE25DD7459005D30F1 /* Release */,
			);
			defaultConfigurationIsVisible = 0;
			defaultConfigurationName = Release;
		};
		123793CF25DD7459005D30F1 /* Build configuration list for PBXNativeTarget "PickADriver1" */ = {
			isa = XCConfigurationList;
			buildConfigurations = (
				123793D025DD7459005D30F1 /* Debug */,
				123793D125DD7459005D30F1 /* Release */,
			);
			defaultConfigurationIsVisible = 0;
			defaultConfigurationName = Release;
		};
/* End XCConfigurationList section */
	};
	rootObject = 123793B325DD7456005D30F1 /* Project object */;
}
